# THIS IS AN AUTOGENERATED FILE. DO NOT EDIT THIS FILE DIRECTLY.
# yarn lockfile v1


miniprogram-recycle-view@^0.1.5:
  version "0.1.5"
  resolved "https://registry.npm.taobao.org/miniprogram-recycle-view/download/miniprogram-recycle-view-0.1.5.tgz#854c2fe0df63c2165f739c8e0446aa35aa6c7d78"
  integrity sha1-hUwv4N9jwhZfc5yOBEaqNapsfXg=

moment@^2.29.2:
  version "2.29.2"
  resolved "https://registry.yarnpkg.com/moment/-/moment-2.29.2.tgz#00910c60b20843bcba52d37d58c628b47b1f20e4"
  integrity sha512-UgzG4rvxYpN15jgCmVJwac49h9ly9NurikMWGPdVxm8GZD6XjkKPxDTjQQ43gtGgnV3X0cAyWDdP2Wexoquifg==

weui-miniprogram@^1.0.1:
  version "1.0.1"
  resolved "https://registry.npm.taobao.org/weui-miniprogram/download/weui-miniprogram-1.0.1.tgz#e3e6b8bfe92194fe5469b3e9f41249967dbd729b"
  integrity sha1-4+a4v+khlP5UabPp9BJJln29cps=
